
Microsoft Visual Studio Solution File, Format Version 12.00
# Visual Studio 2013
VisualStudioVersion = 12.0.31101.0
MinimumVisualStudioVersion = 10.0.40219.1
Project("{FAE04EC0-301F-11D3-BF4B-00C04F79EFBC}") = "01_DecimalToBinary", "01_DecimalToBinary\01_DecimalToBinary.csproj", "{470D0AC0-F3FC-4AB8-AEA8-FFFDB40BBBFF}"
EndProject
Project("{FAE04EC0-301F-11D3-BF4B-00C04F79EFBC}") = "02_BinaryToDecimal", "02_BinaryToDecimal\02_BinaryToDecimal.csproj", "{5817314D-0A58-4151-AEFB-52D6607914EB}"
EndProject
Project("{FAE04EC0-301F-11D3-BF4B-00C04F79EFBC}") = "03_DecimalToHexadecimal", "03_DecimalToHexadecimal\03_DecimalToHexadecimal.csproj", "{A2002E80-013B-42BB-A765-0A1DE5440ACF}"
EndProject
Project("{FAE04EC0-301F-11D3-BF4B-00C04F79EFBC}") = "04_HexadecimalToDecimal", "04_HexadecimalToDecimal\04_HexadecimalToDecimal.csproj", "{9C2B5FE2-AD9D-4F04-8974-1C121BDAE9A5}"
EndProject
Project("{FAE04EC0-301F-11D3-BF4B-00C04F79EFBC}") = "05_HexadecimalToBinary", "05_HexadecimalToBinary\05_HexadecimalToBinary.csproj", "{56056423-6A06-41B1-A67B-2AA022545845}"
EndProject
Project("{FAE04EC0-301F-11D3-BF4B-00C04F79EFBC}") = "06_BinaryToHexadecimal", "06_BinaryToHexadecimal\06_BinaryToHexadecimal.csproj", "{4700373A-D37B-4C55-8522-FBBB2D21CA37}"
EndProject
Project("{FAE04EC0-301F-11D3-BF4B-00C04F79EFBC}") = "07_OneSystemToAnyOther", "07_OneSystemToAnyOther\07_OneSystemToAnyOther.csproj", "{77A68446-CA16-408A-A329-940EB6D7D710}"
EndProject
Project("{FAE04EC0-301F-11D3-BF4B-00C04F79EFBC}") = "08_BinaryShort", "08_BinaryShort\08_BinaryShort.csproj", "{DD3621BA-F86B-4F36-916D-6B9186782E27}"
EndProject
Project("{FAE04EC0-301F-11D3-BF4B-00C04F79EFBC}") = "09_BinaryFloatingPoint", "09_BinaryFloatingPoint\09_BinaryFloatingPoint.csproj", "{C995342A-DBC8-4791-97CC-84B34437B138}"
EndProject
Global
	GlobalSection(SolutionConfigurationPlatforms) = preSolution
		Debug|Any CPU = Debug|Any CPU
		Release|Any CPU = Release|Any CPU
	EndGlobalSection
	GlobalSection(ProjectConfigurationPlatforms) = postSolution
		{470D0AC0-F3FC-4AB8-AEA8-FFFDB40BBBFF}.Debug|Any CPU.ActiveCfg = Debug|Any CPU
		{470D0AC0-F3FC-4AB8-AEA8-FFFDB40BBBFF}.Debug|Any CPU.Build.0 = Debug|Any CPU
		{470D0AC0-F3FC-4AB8-AEA8-FFFDB40BBBFF}.Release|Any CPU.ActiveCfg = Release|Any CPU
		{470D0AC0-F3FC-4AB8-AEA8-FFFDB40BBBFF}.Release|Any CPU.Build.0 = Release|Any CPU
		{5817314D-0A58-4151-AEFB-52D6607914EB}.Debug|Any CPU.ActiveCfg = Debug|Any CPU
		{5817314D-0A58-4151-AEFB-52D6607914EB}.Debug|Any CPU.Build.0 = Debug|Any CPU
		{5817314D-0A58-4151-AEFB-52D6607914EB}.Release|Any CPU.ActiveCfg = Release|Any CPU
		{5817314D-0A58-4151-AEFB-52D6607914EB}.Release|Any CPU.Build.0 = Release|Any CPU
		{A2002E80-013B-42BB-A765-0A1DE5440ACF}.Debug|Any CPU.ActiveCfg = Debug|Any CPU
		{A2002E80-013B-42BB-A765-0A1DE5440ACF}.Debug|Any CPU.Build.0 = Debug|Any CPU
		{A2002E80-013B-42BB-A765-0A1DE5440ACF}.Release|Any CPU.ActiveCfg = Release|Any CPU
		{A2002E80-013B-42BB-A765-0A1DE5440ACF}.Release|Any CPU.Build.0 = Release|Any CPU
		{9C2B5FE2-AD9D-4F04-8974-1C121BDAE9A5}.Debug|Any CPU.ActiveCfg = Debug|Any CPU
		{9C2B5FE2-AD9D-4F04-8974-1C121BDAE9A5}.Debug|Any CPU.Build.0 = Debug|Any CPU
		{9C2B5FE2-AD9D-4F04-8974-1C121BDAE9A5}.Release|Any CPU.ActiveCfg = Release|Any CPU
		{9C2B5FE2-AD9D-4F04-8974-1C121BDAE9A5}.Release|Any CPU.Build.0 = Release|Any CPU
		{56056423-6A06-41B1-A67B-2AA022545845}.Debug|Any CPU.ActiveCfg = Debug|Any CPU
		{56056423-6A06-41B1-A67B-2AA022545845}.Debug|Any CPU.Build.0 = Debug|Any CPU
		{56056423-6A06-41B1-A67B-2AA022545845}.Release|Any CPU.ActiveCfg = Release|Any CPU
		{56056423-6A06-41B1-A67B-2AA022545845}.Release|Any CPU.Build.0 = Release|Any CPU
		{4700373A-D37B-4C55-8522-FBBB2D21CA37}.Debug|Any CPU.ActiveCfg = Debug|Any CPU
		{4700373A-D37B-4C55-8522-FBBB2D21CA37}.Debug|Any CPU.Build.0 = Debug|Any CPU
		{4700373A-D37B-4C55-8522-FBBB2D21CA37}.Release|Any CPU.ActiveCfg = Release|Any CPU
		{4700373A-D37B-4C55-8522-FBBB2D21CA37}.Release|Any CPU.Build.0 = Release|Any CPU
		{77A68446-CA16-408A-A329-940EB6D7D710}.Debug|Any CPU.ActiveCfg = Debug|Any CPU
		{77A68446-CA16-408A-A329-940EB6D7D710}.Debug|Any CPU.Build.0 = Debug|Any CPU
		{77A68446-CA16-408A-A329-940EB6D7D710}.Release|Any CPU.ActiveCfg = Release|Any CPU
		{77A68446-CA16-408A-A329-940EB6D7D710}.Release|Any CPU.Build.0 = Release|Any CPU
		{DD3621BA-F86B-4F36-916D-6B9186782E27}.Debug|Any CPU.ActiveCfg = Debug|Any CPU
		{DD3621BA-F86B-4F36-916D-6B9186782E27}.Debug|Any CPU.Build.0 = Debug|Any CPU
		{DD3621BA-F86B-4F36-916D-6B9186782E27}.Release|Any CPU.ActiveCfg = Release|Any CPU
		{DD3621BA-F86B-4F36-916D-6B9186782E27}.Release|Any CPU.Build.0 = Release|Any CPU
		{C995342A-DBC8-4791-97CC-84B34437B138}.Debug|Any CPU.ActiveCfg = Debug|Any CPU
		{C995342A-DBC8-4791-97CC-84B34437B138}.Debug|Any CPU.Build.0 = Debug|Any CPU
		{C995342A-DBC8-4791-97CC-84B34437B138}.Release|Any CPU.ActiveCfg = Release|Any CPU
		{C995342A-DBC8-4791-97CC-84B34437B138}.Release|Any CPU.Build.0 = Release|Any CPU
	EndGlobalSection
	GlobalSection(SolutionProperties) = preSolution
		HideSolutionNode = FALSE
	EndGlobalSection
EndGlobal
