
Microsoft Visual Studio Solution File, Format Version 12.00
# Visual Studio 14
VisualStudioVersion = 14.0.25420.1
MinimumVisualStudioVersion = 10.0.40219.1
Project("{FAE04EC0-301F-11D3-BF4B-00C04F79EFBC}") = "01_Size", "01_Size\01_Size.csproj", "{98B57748-C336-4AF1-BDB6-AF51E91C72FB}"
EndProject
Project("{FAE04EC0-301F-11D3-BF4B-00C04F79EFBC}") = "02_PrintStatistics", "02_PrintStatistics\02_PrintStatistics.csproj", "{4FF8A8DA-5B9B-4ABC-AF59-2E1AD61AF40C}"
EndProject
Global
	GlobalSection(SolutionConfigurationPlatforms) = preSolution
		Debug|Any CPU = Debug|Any CPU
		Release|Any CPU = Release|Any CPU
	EndGlobalSection
	GlobalSection(ProjectConfigurationPlatforms) = postSolution
		{98B57748-C336-4AF1-BDB6-AF51E91C72FB}.Debug|Any CPU.ActiveCfg = Debug|Any CPU
		{98B57748-C336-4AF1-BDB6-AF51E91C72FB}.Debug|Any CPU.Build.0 = Debug|Any CPU
		{98B57748-C336-4AF1-BDB6-AF51E91C72FB}.Release|Any CPU.ActiveCfg = Release|Any CPU
		{98B57748-C336-4AF1-BDB6-AF51E91C72FB}.Release|Any CPU.Build.0 = Release|Any CPU
		{4FF8A8DA-5B9B-4ABC-AF59-2E1AD61AF40C}.Debug|Any CPU.ActiveCfg = Debug|Any CPU
		{4FF8A8DA-5B9B-4ABC-AF59-2E1AD61AF40C}.Debug|Any CPU.Build.0 = Debug|Any CPU
		{4FF8A8DA-5B9B-4ABC-AF59-2E1AD61AF40C}.Release|Any CPU.ActiveCfg = Release|Any CPU
		{4FF8A8DA-5B9B-4ABC-AF59-2E1AD61AF40C}.Release|Any CPU.Build.0 = Release|Any CPU
	EndGlobalSection
	GlobalSection(SolutionProperties) = preSolution
		HideSolutionNode = FALSE
	EndGlobalSection
EndGlobal
